<?xml version="1.0" encoding="utf-8"?>
<Project ToolsVersion="4.0" xmlns="http://schemas.microsoft.com/developer/msbuild/2003">
  <ItemGroup>
    <Filter Include="Headers">
      <UniqueIdentifier>{64c2a17f-0e43-4129-9026-18403eef53ea}</UniqueIdentifier>
    </Filter>
    <Filter Include="Sources">
      <UniqueIdentifier>{70158f91-1974-44f6-8852-f569443ebc32}</UniqueIdentifier>
    </Filter>
  </ItemGroup>
  <ItemGroup>
    <CudaCompile Include="kernel.cu">
      <Filter>Sources</Filter>
    </CudaCompile>
  </ItemGroup>
  <ItemGroup>
    <ClInclude Include="waifu2x.cuh">
      <Filter>Headers</Filter>
    </ClInclude>
    <ClInclude Include="picojson.h">
      <Filter>Headers</Filter>
    </ClInclude>
    <ClInclude Include="debug.hpp">
      <Filter>Headers</Filter>
    </ClInclude>
    <ClInclude Include="window_capture.hpp">
      <Filter>Headers</Filter>
    </ClInclude>
  </ItemGroup>
  <ItemGroup>
    <ClCompile Include="cudnn_sample.cpp">
      <Filter>Sources</Filter>
    </ClCompile>
  </ItemGroup>
</Project>